PODS:
  - CashfreeAnalyticsSDK (2.2.0):
    - CFNetworkSDK (= 2.2.0)
  - CashfreePG (2.3.2):
    - CashfreePGUISDK (= 2.3.2)
  - CashfreePGCoreSDK (2.3.2):
    - CashfreeAnalyticsSDK (= 2.2.0)
  - CashfreePGUISDK (2.3.2):
    - CashfreePGCoreSDK (= 2.3.2)
  - CFNetworkSDK (2.2.0)
  - Flutter (1.0.0)
  - flutter_cashfree_pg_sdk (0.0.1):
    - CashfreePG (= 2.3.2)
    - Flutter
  - flutter_native_splash (2.4.3):
    - Flutter
  - flutter_secure_storage_darwin (10.0.0):
    - Flutter
    - FlutterMacOS
  - mobile_scanner (7.0.0):
    - Flutter
    - FlutterMacOS
  - shared_preferences_foundation (0.0.1):
    - Flutter
    - FlutterMacOS
  - url_launcher_ios (0.0.1):
    - Flutter
  - webview_flutter_wkwebview (0.0.1):
    - Flutter
    - FlutterMacOS

DEPENDENCIES:
  - Flutter (from `Flutter`)
  - flutter_cashfree_pg_sdk (from `.symlinks/plugins/flutter_cashfree_pg_sdk/ios`)
  - flutter_native_splash (from `.symlinks/plugins/flutter_native_splash/ios`)
  - flutter_secure_storage_darwin (from `.symlinks/plugins/flutter_secure_storage_darwin/darwin`)
  - mobile_scanner (from `.symlinks/plugins/mobile_scanner/darwin`)
  - shared_preferences_foundation (from `.symlinks/plugins/shared_preferences_foundation/darwin`)
  - url_launcher_ios (from `.symlinks/plugins/url_launcher_ios/ios`)
  - webview_flutter_wkwebview (from `.symlinks/plugins/webview_flutter_wkwebview/darwin`)

SPEC REPOS:
  trunk:
    - CashfreeAnalyticsSDK
    - CashfreePG
    - CashfreePGCoreSDK
    - CashfreePGUISDK
    - CFNetworkSDK

EXTERNAL SOURCES:
  Flutter:
    :path: Flutter
  flutter_cashfree_pg_sdk:
    :path: ".symlinks/plugins/flutter_cashfree_pg_sdk/ios"
  flutter_native_splash:
    :path: ".symlinks/plugins/flutter_native_splash/ios"
  flutter_secure_storage_darwin:
    :path: ".symlinks/plugins/flutter_secure_storage_darwin/darwin"
  mobile_scanner:
    :path: ".symlinks/plugins/mobile_scanner/darwin"
  shared_preferences_foundation:
    :path: ".symlinks/plugins/shared_preferences_foundation/darwin"
  url_launcher_ios:
    :path: ".symlinks/plugins/url_launcher_ios/ios"
  webview_flutter_wkwebview:
    :path: ".symlinks/plugins/webview_flutter_wkwebview/darwin"

SPEC CHECKSUMS:
  CashfreeAnalyticsSDK: ae25b71a54607c920d519103d154d9727ca2c15a
  CashfreePG: 5dcf9723b7fad06b279969a19fec17e41dea486f
  CashfreePGCoreSDK: f85cbe39c6a05a50b1163b377e52add5e05efd2a
  CashfreePGUISDK: 575f26d17c2409dd343bccf5615edc659c29fc8d
  CFNetworkSDK: 4e431b55f607544f5ca45bc1a36a13e602f51841
  Flutter: cabc95a1d2626b1b06e7179b784ebcf0c0cde467
  flutter_cashfree_pg_sdk: 1605a2b606cc5b2f9ba9f565172305f783f72ec1
  flutter_native_splash: c32d145d68aeda5502d5f543ee38c192065986cf
  flutter_secure_storage_darwin: acdb3f316ed05a3e68f856e0353b133eec373a23
  mobile_scanner: 9157936403f5a0644ca3779a38ff8404c5434a93
  shared_preferences_foundation: 7036424c3d8ec98dfe75ff1667cb0cd531ec82bb
  url_launcher_ios: 7a95fa5b60cc718a708b8f2966718e93db0cef1b
  webview_flutter_wkwebview: 8ebf4fded22593026f7dbff1fbff31ea98573c8d

PODFILE CHECKSUM: 3c63482e143d1b91d2d2560aee9fb04ecc74ac7e

COCOAPODS: 1.16.2
